
Microsoft Visual Studio Solution File, Format Version 12.00
# Visual Studio Version 17
VisualStudioVersion = 17.9.34622.214
MinimumVisualStudioVersion = 10.0.40219.1
Project("{FAE04EC0-301F-11D3-BF4B-00C04F79EFBC}") = "GUI", "GUI.csproj", "{285A2FC1-BBD0-433E-A19C-D60C41E03F53}"
EndProject
Global
	GlobalSection(SolutionConfigurationPlatforms) = preSolution
		Debug|Any CPU = Debug|Any CPU
		Release|Any CPU = Release|Any CPU
	EndGlobalSection
	GlobalSection(ProjectConfigurationPlatforms) = postSolution
		{285A2FC1-BBD0-433E-A19C-D60C41E03F53}.Debug|Any CPU.ActiveCfg = Debug|Any CPU
		{285A2FC1-BBD0-433E-A19C-D60C41E03F53}.Debug|Any CPU.Build.0 = Debug|Any CPU
		{285A2FC1-BBD0-433E-A19C-D60C41E03F53}.Release|Any CPU.ActiveCfg = Release|Any CPU
		{285A2FC1-BBD0-433E-A19C-D60C41E03F53}.Release|Any CPU.Build.0 = Release|Any CPU
	EndGlobalSection
	GlobalSection(SolutionProperties) = preSolution
		HideSolutionNode = FALSE
	EndGlobalSection
	GlobalSection(ExtensibilityGlobals) = postSolution
		SolutionGuid = {4F3C8305-42CC-48BE-A0F6-735E23AD5A0B}
	EndGlobalSection
EndGlobal
